{
  "name": "ocean 4",
  "lockfileVersion": 3,
  "requires": true,
  "packages": {
    "": {
      "dependencies": {
        "simplex-noise": "^4.0.3",
        "three": "^0.170.0",
        "three-orbit-controls": "^82.1.0"
      }
    },
    "node_modules/simplex-noise": {
      "version": "4.0.3",
      "resolved": "https://registry.npmjs.org/simplex-noise/-/simplex-noise-4.0.3.tgz",
      "integrity": "sha512-qSE2I4AngLQG7BXqoZj51jokT4WUXe8mOBrvfOXpci8+6Yu44+/dD5zqDpOx3Ux792eamTd2lLcI8jqFntk/lg==",
      "license": "MIT"
    },
    "node_modules/three": {
      "version": "0.170.0",
      "resolved": "https://registry.npmjs.org/three/-/three-0.170.0.tgz",
      "integrity": "sha512-FQK+LEpYc0fBD+J8g6oSEyyNzjp+Q7Ks1C568WWaoMRLW+TkNNWmenWeGgJjV105Gd+p/2ql1ZcjYvNiPZBhuQ==",
      "license": "MIT"
    },
    "node_modules/three-orbit-controls": {
      "version": "82.1.0",
      "resolved": "https://registry.npmjs.org/three-orbit-controls/-/three-orbit-controls-82.1.0.tgz",
      "integrity": "sha512-hIWxGoHqIbeq0S2lA14m9VRzo7SamKKVJ9mKMT/rdh0Qa3nV5Umvhlx4zsHl0Y6jLKVZhjatJfeD/K08Tr/g4A==",
      "license": "MIT"
    }
  }
}
